
Microsoft Visual Studio Solution File, Format Version 11.00
# Visual Studio 2010
Project("{FAE04EC0-301F-11D3-BF4B-00C04F79EFBC}") = "Assembly-CSharp", "Assembly-CSharp.csproj", "{831E2DCA-07CB-0C55-C19F-A1D3BF3A8E48}"
EndProject
Project("{FAE04EC0-301F-11D3-BF4B-00C04F79EFBC}") = "Unity.ML-Agents", "Unity.ML-Agents.csproj", "{9E84E996-6B67-6C7F-042D-1662D08D8C40}"
EndProject
Project("{FAE04EC0-301F-11D3-BF4B-00C04F79EFBC}") = "Unity.ML-Agents.CommunicatorObjects", "Unity.ML-Agents.CommunicatorObjects.csproj", "{1369AA5E-D220-7BA2-81B9-734B18060F02}"
EndProject
Project("{FAE04EC0-301F-11D3-BF4B-00C04F79EFBC}") = "Unity.ML-Agents.Editor", "Unity.ML-Agents.Editor.csproj", "{E15355A4-E5BC-55B9-F2A5-228875465521}"
EndProject
Global
	GlobalSection(SolutionConfigurationPlatforms) = preSolution
		Debug|Any CPU = Debug|Any CPU
		Release|Any CPU = Release|Any CPU
	EndGlobalSection
	GlobalSection(ProjectConfigurationPlatforms) = postSolution
		{831E2DCA-07CB-0C55-C19F-A1D3BF3A8E48}.Debug|Any CPU.ActiveCfg = Debug|Any CPU
		{831E2DCA-07CB-0C55-C19F-A1D3BF3A8E48}.Debug|Any CPU.Build.0 = Debug|Any CPU
		{831E2DCA-07CB-0C55-C19F-A1D3BF3A8E48}.Release|Any CPU.ActiveCfg = Release|Any CPU
		{831E2DCA-07CB-0C55-C19F-A1D3BF3A8E48}.Release|Any CPU.Build.0 = Release|Any CPU
		{9E84E996-6B67-6C7F-042D-1662D08D8C40}.Debug|Any CPU.ActiveCfg = Debug|Any CPU
		{9E84E996-6B67-6C7F-042D-1662D08D8C40}.Debug|Any CPU.Build.0 = Debug|Any CPU
		{9E84E996-6B67-6C7F-042D-1662D08D8C40}.Release|Any CPU.ActiveCfg = Release|Any CPU
		{9E84E996-6B67-6C7F-042D-1662D08D8C40}.Release|Any CPU.Build.0 = Release|Any CPU
		{1369AA5E-D220-7BA2-81B9-734B18060F02}.Debug|Any CPU.ActiveCfg = Debug|Any CPU
		{1369AA5E-D220-7BA2-81B9-734B18060F02}.Debug|Any CPU.Build.0 = Debug|Any CPU
		{1369AA5E-D220-7BA2-81B9-734B18060F02}.Release|Any CPU.ActiveCfg = Release|Any CPU
		{1369AA5E-D220-7BA2-81B9-734B18060F02}.Release|Any CPU.Build.0 = Release|Any CPU
		{E15355A4-E5BC-55B9-F2A5-228875465521}.Debug|Any CPU.ActiveCfg = Debug|Any CPU
		{E15355A4-E5BC-55B9-F2A5-228875465521}.Debug|Any CPU.Build.0 = Debug|Any CPU
		{E15355A4-E5BC-55B9-F2A5-228875465521}.Release|Any CPU.ActiveCfg = Release|Any CPU
		{E15355A4-E5BC-55B9-F2A5-228875465521}.Release|Any CPU.Build.0 = Release|Any CPU
	EndGlobalSection
	GlobalSection(SolutionProperties) = preSolution
		HideSolutionNode = FALSE
	EndGlobalSection
EndGlobal
