
Microsoft Visual Studio Solution File, Format Version 11.00
# Visual Studio 2010
Project("{FAE04EC0-301F-11D3-BF4B-00C04F79EFBC}") = "Assembly-CSharp", "Assembly-CSharp.csproj", "{C48C924B-4C0E-8582-B728-8C69173A97A6}"
EndProject
Project("{FAE04EC0-301F-11D3-BF4B-00C04F79EFBC}") = "Unity.ML-Agents", "Unity.ML-Agents.csproj", "{940B2273-A7ED-EE29-2154-E9690F72AA20}"
EndProject
Project("{FAE04EC0-301F-11D3-BF4B-00C04F79EFBC}") = "Unity.ML-Agents.CommunicatorObjects", "Unity.ML-Agents.CommunicatorObjects.csproj", "{41DC726C-AD4B-7A64-4B16-BEA52227D88A}"
EndProject
Project("{FAE04EC0-301F-11D3-BF4B-00C04F79EFBC}") = "Unity.ML-Agents.Editor", "Unity.ML-Agents.Editor.csproj", "{8E68290C-15C9-A086-90DE-3552FD82C6C6}"
EndProject
Global
	GlobalSection(SolutionConfigurationPlatforms) = preSolution
		Debug|Any CPU = Debug|Any CPU
		Release|Any CPU = Release|Any CPU
	EndGlobalSection
	GlobalSection(ProjectConfigurationPlatforms) = postSolution
		{C48C924B-4C0E-8582-B728-8C69173A97A6}.Debug|Any CPU.ActiveCfg = Debug|Any CPU
		{C48C924B-4C0E-8582-B728-8C69173A97A6}.Debug|Any CPU.Build.0 = Debug|Any CPU
		{C48C924B-4C0E-8582-B728-8C69173A97A6}.Release|Any CPU.ActiveCfg = Release|Any CPU
		{C48C924B-4C0E-8582-B728-8C69173A97A6}.Release|Any CPU.Build.0 = Release|Any CPU
		{940B2273-A7ED-EE29-2154-E9690F72AA20}.Debug|Any CPU.ActiveCfg = Debug|Any CPU
		{940B2273-A7ED-EE29-2154-E9690F72AA20}.Debug|Any CPU.Build.0 = Debug|Any CPU
		{940B2273-A7ED-EE29-2154-E9690F72AA20}.Release|Any CPU.ActiveCfg = Release|Any CPU
		{940B2273-A7ED-EE29-2154-E9690F72AA20}.Release|Any CPU.Build.0 = Release|Any CPU
		{41DC726C-AD4B-7A64-4B16-BEA52227D88A}.Debug|Any CPU.ActiveCfg = Debug|Any CPU
		{41DC726C-AD4B-7A64-4B16-BEA52227D88A}.Debug|Any CPU.Build.0 = Debug|Any CPU
		{41DC726C-AD4B-7A64-4B16-BEA52227D88A}.Release|Any CPU.ActiveCfg = Release|Any CPU
		{41DC726C-AD4B-7A64-4B16-BEA52227D88A}.Release|Any CPU.Build.0 = Release|Any CPU
		{8E68290C-15C9-A086-90DE-3552FD82C6C6}.Debug|Any CPU.ActiveCfg = Debug|Any CPU
		{8E68290C-15C9-A086-90DE-3552FD82C6C6}.Debug|Any CPU.Build.0 = Debug|Any CPU
		{8E68290C-15C9-A086-90DE-3552FD82C6C6}.Release|Any CPU.ActiveCfg = Release|Any CPU
		{8E68290C-15C9-A086-90DE-3552FD82C6C6}.Release|Any CPU.Build.0 = Release|Any CPU
	EndGlobalSection
	GlobalSection(SolutionProperties) = preSolution
		HideSolutionNode = FALSE
	EndGlobalSection
EndGlobal
